
Microsoft Visual Studio Solution File, Format Version 12.00
# Visual Studio Version 17
VisualStudioVersion = 17.3.32611.2
MinimumVisualStudioVersion = 10.0.40219.1
Project("{FAE04EC0-301F-11D3-BF4B-00C04F79EFBC}") = "Calculator2", "Calculator2\Calculator2.csproj", "{AEFBD39B-D179-4F32-BFB0-22F8536761F5}"
EndProject
Global
	GlobalSection(SolutionConfigurationPlatforms) = preSolution
		Debug|Any CPU = Debug|Any CPU
		Release|Any CPU = Release|Any CPU
	EndGlobalSection
	GlobalSection(ProjectConfigurationPlatforms) = postSolution
		{AEFBD39B-D179-4F32-BFB0-22F8536761F5}.Debug|Any CPU.ActiveCfg = Debug|Any CPU
		{AEFBD39B-D179-4F32-BFB0-22F8536761F5}.Debug|Any CPU.Build.0 = Debug|Any CPU
		{AEFBD39B-D179-4F32-BFB0-22F8536761F5}.Release|Any CPU.ActiveCfg = Release|Any CPU
		{AEFBD39B-D179-4F32-BFB0-22F8536761F5}.Release|Any CPU.Build.0 = Release|Any CPU
	EndGlobalSection
	GlobalSection(SolutionProperties) = preSolution
		HideSolutionNode = FALSE
	EndGlobalSection
	GlobalSection(ExtensibilityGlobals) = postSolution
		SolutionGuid = {7E7636F0-37B9-4473-A44A-F582CF691BDA}
	EndGlobalSection
EndGlobal
